{
  "version": "4",
  "specifiers": {
    "jsr:@openai/openai@^4.71.1": "4.71.1",
    "jsr:@std/fmt@1.0.3": "1.0.3",
    "jsr:@std/fmt@^1.0.3": "1.0.3",
    "jsr:@std/fs@1.0.5": "1.0.5",
    "jsr:@std/fs@^1.0.6": "1.0.6",
    "jsr:@std/io@0.225": "0.225.0",
    "jsr:@std/io@0.225.0": "0.225.0",
    "jsr:@std/log@~0.224.11": "0.224.11",
    "jsr:@std/path@^1.0.7": "1.0.8",
    "npm:@types/node@*": "22.5.4",
    "npm:@types/node@22.5.4": "22.5.4",
    "npm:mic@*": "2.1.2",
    "npm:mic@2.1.2": "2.1.2",
    "npm:node-web-audio-api@*": "0.21.3",
    "npm:node-web-audio-api@0.21.3": "0.21.3",
    "npm:openai-realtime-api@*": "1.0.7",
    "npm:openai-realtime-api@1.0.7": "1.0.7",
    "npm:speaker@*": "0.5.5",
    "npm:speaker@0.5.5": "0.5.5"
  },
  "jsr": {
    "@openai/openai@4.71.1": {
      "integrity": "423ac293a35b9bac45c4bad0753f0ecb4462a568761f5131314686c42e5deaf2"
    },
    "@std/fmt@1.0.3": {
      "integrity": "97765c16aa32245ff4e2204ecf7d8562496a3cb8592340a80e7e554e0bb9149f"
    },
    "@std/fs@1.0.5": {
      "integrity": "41806ad6823d0b5f275f9849a2640d87e4ef67c51ee1b8fb02426f55e02fd44e",
      "dependencies": [
        "jsr:@std/path"
      ]
    },
    "@std/fs@1.0.6": {
      "integrity": "42b56e1e41b75583a21d5a37f6a6a27de9f510bcd36c0c85791d685ca0b85fa2"
    },
    "@std/io@0.225.0": {
      "integrity": "c1db7c5e5a231629b32d64b9a53139445b2ca640d828c26bf23e1c55f8c079b3"
    },
    "@std/log@0.224.11": {
      "integrity": "df5e5a6d6ab8bcea016a17982cd2435f65234d6618bf631925587c0b2eae2a4e",
      "dependencies": [
        "jsr:@std/fmt@^1.0.3",
        "jsr:@std/fs@^1.0.6",
        "jsr:@std/io@0.225"
      ]
    },
    "@std/path@1.0.8": {
      "integrity": "548fa456bb6a04d3c1a1e7477986b6cffbce95102d0bb447c67c4ee70e0364be"
    }
  },
  "npm": {
    "@napi-rs/cli@2.18.4": {
      "integrity": "sha512-SgJeA4df9DE2iAEpr3M2H0OKl/yjtg1BnRI5/JyowS71tUWhrfSu2LT0V3vlHET+g1hBVlrO60PmEXwUEKp8Mg=="
    },
    "@napi-rs/triples@1.2.0": {
      "integrity": "sha512-HAPjR3bnCsdXBsATpDIP5WCrw0JcACwhhrwIAQhiR46n+jm+a2F8kBsfseAuWtSyQ+H3Yebt2k43B5dy+04yMA=="
    },
    "@node-rs/helper@1.6.0": {
      "integrity": "sha512-2OTh/tokcLA1qom1zuCJm2gQzaZljCCbtX1YCrwRVd/toz7KxaDRFeLTAPwhs8m9hWgzrBn5rShRm6IaZofCPw==",
      "dependencies": [
        "@napi-rs/triples"
      ]
    },
    "@types/node@22.5.4": {
      "integrity": "sha512-FDuKUJQm/ju9fT/SeX/6+gBzoPzlVCzfzmGkwKvRHQVxi4BntVbyIwf6a4Xn62mrvndLiml6z/UBXIdEVjQLXg==",
      "dependencies": [
        "undici-types"
      ]
    },
    "bindings@1.5.0": {
      "integrity": "sha512-p2q/t/mhvuOj/UeLlV6566GD/guowlr0hHxClI0W9m7MWYkL1F0hLo+0Aexs9HSPCtR1SXQ0TD3MMKrXZajbiQ==",
      "dependencies": [
        "file-uri-to-path"
      ]
    },
    "buffer-alloc-unsafe@1.1.0": {
      "integrity": "sha512-TEM2iMIEQdJ2yjPJoSIsldnleVaAk1oW3DBVUykyOLsEsFmEc9kn+SFFPz+gl54KQNxlDnAwCXosOS9Okx2xAg=="
    },
    "buffer-alloc@1.2.0": {
      "integrity": "sha512-CFsHQgjtW1UChdXgbyJGtnm+O/uLQeZdtbDo8mfUgYXCHSM1wgrVxXm6bSyrUuErEb+4sYVGCzASBRot7zyrow==",
      "dependencies": [
        "buffer-alloc-unsafe",
        "buffer-fill"
      ]
    },
    "buffer-fill@1.0.0": {
      "integrity": "sha512-T7zexNBwiiaCOGDg9xNX9PBmjrubblRkENuptryuI64URkXDFum9il/JGL8Lm8wYfAXpredVXXZz7eMHilimiQ=="
    },
    "caller@1.1.0": {
      "integrity": "sha512-n+21IZC3j06YpCWaxmUy5AnVqhmCIM2bQtqQyy00HJlmStRt6kwDX5F9Z97pqwAB+G/tgSz6q/kUBbNyQzIubw=="
    },
    "data-uri-to-buffer@4.0.1": {
      "integrity": "sha512-0R9ikRb668HB7QDxT1vkpuUBtqc53YyAwMwGeUFKRojY/NWKvdZ+9UYtRfGmhqNbRkTSVpMbmyhXipFFv2cb/A=="
    },
    "debug@4.3.7": {
      "integrity": "sha512-Er2nc/H7RrMXZBFCEim6TCmMk02Z8vLC2Rbi1KEBggpo0fS6l0S1nnapwmIi3yW/+GOJap1Krg4w0Hg80oCqgQ==",
      "dependencies": [
        "ms"
      ]
    },
    "fetch-blob@3.2.0": {
      "integrity": "sha512-7yAQpD2UMJzLi1Dqv7qFYnPbaPx7ZfFK6PiIxQ4PfkGPyNyl2Ugx+a/umUonmKqjhM4DnfbMvdX6otXq83soQQ==",
      "dependencies": [
        "node-domexception",
        "web-streams-polyfill"
      ]
    },
    "file-uri-to-path@1.0.0": {
      "integrity": "sha512-0Zt+s3L7Vf1biwWZ29aARiVYLx7iMGnEUl9x33fbB/j3jR81u/O2LbqK+Bm1CDSNDKVtJ/YjwY7TUd5SkeLQLw=="
    },
    "formdata-polyfill@4.0.10": {
      "integrity": "sha512-buewHzMvYL29jdeQTVILecSaZKnt/RJWjoZCF5OW60Z67/GmSLBkOFM7qh1PI3zFNtJbaZL5eQu1vLfazOwj4g==",
      "dependencies": [
        "fetch-blob"
      ]
    },
    "mic@2.1.2": {
      "integrity": "sha512-rpl4tgdXX24sAzYwjRc5OZfGNAuhUIIjdd0cw8+Ubq7rp3iGhi40AdqcwurDWhEZADk60tPOxb3E2MpoeLeyxw=="
    },
    "ms@2.1.3": {
      "integrity": "sha512-6FlzubTLZG3J2a/NVCAleEhjzq5oxgHyaCU9yYXvcLsvoVaHJq/s5xXI6/XXP6tz7R9xAOtHnSO/tXtF3WRTlA=="
    },
    "nanoid@5.0.8": {
      "integrity": "sha512-TcJPw+9RV9dibz1hHUzlLVy8N4X9TnwirAjrU08Juo6BNKggzVfP2ZJ/3ZUSq15Xl5i85i+Z89XBO90pB2PghQ=="
    },
    "node-domexception@1.0.0": {
      "integrity": "sha512-/jKZoMpw0F8GRwl4/eLROPA3cfcXtLApP0QzLmUT/HuPCZWyB7IY9ZrMeKw2O/nFIqPQB3PVM9aYm0F312AXDQ=="
    },
    "node-fetch@3.3.2": {
      "integrity": "sha512-dRB78srN/l6gqWulah9SrxeYnxeddIG30+GOqK/9OlLVyLg3HPnr6SqOWTWOXKRwC2eGYCkZ59NNuSgvSrpgOA==",
      "dependencies": [
        "data-uri-to-buffer",
        "fetch-blob",
        "formdata-polyfill"
      ]
    },
    "node-web-audio-api@0.21.3": {
      "integrity": "sha512-JEyRvdv+f26Z0VwXkURoi3s+B7mNM3b0o7ZuQYfZ2kfHDRjejXnDShBEGjCMNHYqyygrpGlbF3L+ZKZjTIKTAw==",
      "dependencies": [
        "@napi-rs/cli",
        "@node-rs/helper",
        "caller",
        "node-fetch",
        "webidl-conversions"
      ]
    },
    "openai-realtime-api@1.0.7": {
      "integrity": "sha512-mA5Ha0Ut1A2QB/2rNO0jedTeC/PJ6EJndXEv5N8I8SQKgpRAqhT0z2sshYAZMNMXN0gOJrVdykdVa+p1pXsAag==",
      "dependencies": [
        "nanoid",
        "ws"
      ]
    },
    "speaker@0.5.5": {
      "integrity": "sha512-IBeMZUITigYBO139h0+1MAgBHNZF55GFJN4U/Box35Sg49cfqYkbCO92TXoCUy22Ast08zfqKuXLvPxq9CWwLw==",
      "dependencies": [
        "bindings",
        "buffer-alloc",
        "debug"
      ]
    },
    "undici-types@6.19.8": {
      "integrity": "sha512-ve2KP6f/JnbPBFyobGHuerC9g1FYGn/F8n1LWTwNxCEzd6IfqTwUQcNXgEtmmQ6DlRrC1hrSrBnCZPokRrDHjw=="
    },
    "web-streams-polyfill@3.3.3": {
      "integrity": "sha512-d2JWLCivmZYTSIoge9MsgFCZrt571BikcWGYkjC1khllbTeDlGqZ2D8vD8E/lJa8WGWbb7Plm8/XJYV7IJHZZw=="
    },
    "webidl-conversions@7.0.0": {
      "integrity": "sha512-VwddBukDzu71offAQR975unBIGqfKZpM+8ZX6ySk8nYhVoo5CYaZyzt3YBvYtRtO+aoGlqxPg/B87NGVZ/fu6g=="
    },
    "ws@8.18.0": {
      "integrity": "sha512-8VbfWfHLbbwu3+N6OKsOMpBdT4kXPDDB9cJk2bJ6mh9ucxdlnNvH1e+roYkKmN9Nxw2yjz7VzeO9oOz2zJ04Pw=="
    }
  },
  "redirects": {
    "https://deno.land/std/io/mod.ts": "https://deno.land/std@0.224.0/io/mod.ts",
    "https://deno.land/std/log/mod.ts": "https://deno.land/std@0.224.0/log/mod.ts"
  },
  "remote": {
    "https://deno.land/std@0.224.0/assert/assert.ts": "09d30564c09de846855b7b071e62b5974b001bb72a4b797958fe0660e7849834",
    "https://deno.land/std@0.224.0/assert/assertion_error.ts": "ba8752bd27ebc51f723702fac2f54d3e94447598f54264a6653d6413738a8917",
    "https://deno.land/std@0.224.0/bytes/concat.ts": "86161274b5546a02bdb3154652418efe7af8c9310e8d54107a68aaa148e0f5ed",
    "https://deno.land/std@0.224.0/bytes/copy.ts": "08d85062240a7223e6ec4e2af193ad1a50c59a43f0d86ac3a7b16f3e0d77c028",
    "https://deno.land/std@0.224.0/fmt/colors.ts": "508563c0659dd7198ba4bbf87e97f654af3c34eb56ba790260f252ad8012e1c5",
    "https://deno.land/std@0.224.0/fs/exists.ts": "3d38cb7dcbca3cf313be343a7b8af18a87bddb4b5ca1bd2314be12d06533b50f",
    "https://deno.land/std@0.224.0/io/_common.ts": "36705cdb4dfcd338d6131bca1b16e48a4d5bf0d1dada6ce397268e88c17a5835",
    "https://deno.land/std@0.224.0/io/_constants.ts": "3c7ad4695832e6e4a32e35f218c70376b62bc78621ef069a4a0a3d55739f8856",
    "https://deno.land/std@0.224.0/io/buf_reader.ts": "aa6d589e567c964c8ba1f582648f3feac45e88ab2e3d2cc2c9f84fd73c05d051",
    "https://deno.land/std@0.224.0/io/buf_writer.ts": "3fab3fbeae7a6ed1672207b640b6781a2369890878f8a7bb35f95d364dd6dae6",
    "https://deno.land/std@0.224.0/io/buffer.ts": "4d1f805f350433e418002accec798bc6c33ce18f614afa65f987c202d7b2234e",
    "https://deno.land/std@0.224.0/io/copy.ts": "63c6a4acf71fb1e89f5e47a7b3b2972f9d2c56dd645560975ead72db7eb23f61",
    "https://deno.land/std@0.224.0/io/copy_n.ts": "1bad1525b1f78737cb4c11084e2f7cf22359210fea89e2f0e784bd9a4b221fca",
    "https://deno.land/std@0.224.0/io/iterate_reader.ts": "1e5e4fea22d8965afb7df4ee9ab9adda0a0fc581adbea31bc2f2d25453f8a6e9",
    "https://deno.land/std@0.224.0/io/limited_reader.ts": "bbe3f7dafe9dd076d0c92d88b1b94e91ecad4825997064f44c2a767737ad2526",
    "https://deno.land/std@0.224.0/io/mod.ts": "f0a3f9d419394cec27099ba15ab0c8100da1e70928f95ebe646caaf667c6870c",
    "https://deno.land/std@0.224.0/io/multi_reader.ts": "dd8f06d50adec0e1befb92a1d354fcf28733a4b1669b23bf534ace161ce61b1c",
    "https://deno.land/std@0.224.0/io/read_all.ts": "876c1cb20adea15349c72afc86cecd3573335845ae778967aefb5e55fe5a8a4a",
    "https://deno.land/std@0.224.0/io/read_delim.ts": "d26cfed53b0c2c127ec3453ccd65f474ecc36a331209e246448885434afffc4e",
    "https://deno.land/std@0.224.0/io/read_int.ts": "2412f106103a271f5d770b2a61c97b13eebcd18de414a0a092ed82dfcb875903",
    "https://deno.land/std@0.224.0/io/read_lines.ts": "17b96f87dbebc5edb976b3d83dc7713bddb994e9c8cb688012d6c6c26803fb9e",
    "https://deno.land/std@0.224.0/io/read_long.ts": "d7cd367ab5c1263014c32a76afa0f0584c3bf3a3d860963c7368a6825094df46",
    "https://deno.land/std@0.224.0/io/read_range.ts": "2ddfedbfff44e4ea8d60c0463cddb2b1860293d932d6a72a0fb78bdf412538fc",
    "https://deno.land/std@0.224.0/io/read_short.ts": "f6dff570e685ade917dcb5188e8ecf0b701d6581b0cd186f08e6efe7f5ce33f7",
    "https://deno.land/std@0.224.0/io/read_string_delim.ts": "f6beafa8969e6d9d6d7d679f846cd6595d8b6e99091a20a0aecbd50eb30a391e",
    "https://deno.land/std@0.224.0/io/reader_from_stream_reader.ts": "a75bbc93f39df8b0e372cc1fbdc416a7cbf2a39fc4c09ddb057f1241100191c5",
    "https://deno.land/std@0.224.0/io/slice_long_to_bytes.ts": "bc59a7aaac64845371dbd44debf3e864ae7b7e453127751d96e30adb29fb633b",
    "https://deno.land/std@0.224.0/io/string_reader.ts": "279e9ea72e0ed7af6a9cb6da84f4148af93df849d308c31f124ca21f16d09cf2",
    "https://deno.land/std@0.224.0/io/string_writer.ts": "923954c2038a622b84c294b94a3a322565fa0d67e8b4c62942b154fc1ad3bb9b",
    "https://deno.land/std@0.224.0/io/to_readable_stream.ts": "ed03a44a1ec1cc55a85a857acf6cac472035298f6f3b6207ea209f93b4aefb39",
    "https://deno.land/std@0.224.0/io/to_writable_stream.ts": "ef422e0425963c8a1e0481674e66c3023da50f0acbe5ef51ec9789efc3c1e2ed",
    "https://deno.land/std@0.224.0/io/types.ts": "acecb3074c730b5ff487ba4fe9ce51e67bd982aa07c95e5f5679b7b2f24ad129",
    "https://deno.land/std@0.224.0/io/write_all.ts": "24aac2312bb21096ae3ae0b102b22c26164d3249dff96dbac130958aa736f038",
    "https://deno.land/std@0.224.0/log/_config.ts": "489e11b6d3c917bf5fc954c5e914c095d3480efd924d1e85f2fc576468581c54",
    "https://deno.land/std@0.224.0/log/_state.ts": "314c0c31ab9c8f4fb33326ad446757d35f75e5bb21746b7720ed4e3f3a939da1",
    "https://deno.land/std@0.224.0/log/base_handler.ts": "f03f013dac9c1a226aab60c6f5751b3131cc4f2808720715285e0dab5697a54e",
    "https://deno.land/std@0.224.0/log/console_handler.ts": "9b17b9025c7d94eab950a25eccca81fd9dd71d063b9f458f149e52db52ab0295",
    "https://deno.land/std@0.224.0/log/critical.ts": "a8b44a4c6768629d2a506ffe1a1a048da7ae76d3146000f8a492008eac4ecba0",
    "https://deno.land/std@0.224.0/log/debug.ts": "ddd63a549fedc3061deba47e41cd2170263831fc266e503a12b610b77439333b",
    "https://deno.land/std@0.224.0/log/error.ts": "3979ee3aadc962345ad50eff8a5470ad3fe07c70370808ddc178ee08c3d6c89c",
    "https://deno.land/std@0.224.0/log/file_handler.ts": "68d6d81ec53bdd6ba61eaceec19d12de59a8ad12ace0d7980a592a51f924a242",
    "https://deno.land/std@0.224.0/log/formatters.ts": "29e0325902c3b1cbb3b9ffc1f9d77ac2d2e5af35d27b9bdfe4fdbbd83588d4a8",
    "https://deno.land/std@0.224.0/log/get_logger.ts": "36a5febf5338f68aadafaf23bbe38a208e2a3150ec02ca2ec5d3c6bbaf840641",
    "https://deno.land/std@0.224.0/log/info.ts": "e6c4971e35092d85cd3241fe7eccdb42999083d14db6aadc5e741f6231e275ad",
    "https://deno.land/std@0.224.0/log/levels.ts": "632ba12baa2600750d004cc5cb4eabe10e410f3f2bdfcb9f7142b6d767f2fee6",
    "https://deno.land/std@0.224.0/log/logger.ts": "57109848fb587fb3843a7b893f22f1a86c1b78c289172627a6305906738f238a",
    "https://deno.land/std@0.224.0/log/mod.ts": "650c53c2c5d9eb05210c4ec54184ecb5bd24fb32ce28e65fad039853978f53f3",
    "https://deno.land/std@0.224.0/log/rotating_file_handler.ts": "a6e7c712e568b618303273ff95483f6ab86dec0a485c73c2e399765f752b5aa8",
    "https://deno.land/std@0.224.0/log/setup.ts": "42425c550da52c7def7f63a4fcc1ac01a4aec6c73336697a640978d6a324e7a6",
    "https://deno.land/std@0.224.0/log/warn.ts": "f1a6bc33a481f231a0257e6d66e26c2e695b931d5e917d8de4f2b825778dfd4e",
    "https://deno.land/std@0.83.0/bytes/mod.ts": "e4f91c6473fe13e3cf1a23649137f87f49135c10bc08fc0f83382a0fb0b03744",
    "https://deno.land/x/logger@v1.1.7/date.ts": "83583acb4f1452214db7cfd40fa38a5c9e7d8c955b303704517c2ccc94d49d58",
    "https://deno.land/x/logger@v1.1.7/deps.ts": "108decf275a664a79a70c7200639b89a4be7d0a424050c21187c2100ab10044f",
    "https://deno.land/x/logger@v1.1.7/eol.ts": "8da67b2cb62c1cee6920e88797f1d9f647425df7f4decafc4dd3775e29d0125d",
    "https://deno.land/x/logger@v1.1.7/interface.ts": "9f8cf829271816b5b842aa89ce44adefdf35619c6c8e62c36fd2e6fe458948b3",
    "https://deno.land/x/logger@v1.1.7/logger.ts": "4f02b79cb5661ec07df108fd00ca360f1e32a44853abf9fe6df0bb9ff0a229f6",
    "https://deno.land/x/logger@v1.1.7/mod.ts": "3261ec38cb196501595dd8db9bfa9142589419962747c683f80bb906968ebe31",
    "https://deno.land/x/logger@v1.1.7/stdout.ts": "28ff623094e1719d86a093c589558fba095caba4f30832493d07e82ea2d4ae59",
    "https://deno.land/x/logger@v1.1.7/types.ts": "7769b3a4059d25090a55079ee1ef77ff76adbcab22d017fe0a8a4a96e1eac8a0",
    "https://deno.land/x/logger@v1.1.7/writable.ts": "254dda12a1e6e5d5af474eea1ae4be232625810c698bb12ca30fd53485567282",
    "https://deno.land/x/logger@v1.1.7/writer.ts": "e712eb8d59265262b3e398ca308ba8bf0187936d705bc60d446237d6d81f9d60",
    "https://deno.land/x/readline@v1.1.0/deps.ts": "ad98d16593ba9981320c193bc306cb6c00b491ad4ea265ff3c8b26285bcba74a",
    "https://deno.land/x/readline@v1.1.0/mod.ts": "fdfe3162d558e75c3ae20e7f23e0fe894205c1040ab08b1bd5169da877594487"
  },
  "workspace": {
    "dependencies": [
      "jsr:@openai/openai@^4.71.1",
      "jsr:@std/log@~0.224.11",
      "npm:@types/node@22.5.4",
      "npm:mic@2.1.2",
      "npm:node-web-audio-api@0.21.3",
      "npm:openai-realtime-api@1.0.7",
      "npm:speaker@0.5.5"
    ]
  }
}
